// !$*UTF8*$!
{
	archiveVersion = 1;
	classes = {
	};
	objectVersion = 56;
	objects = {

/* Begin PBXBuildFile section */
		256B875228ED1582008A9830 /* AppDelegate.swift in Sources */ = {isa = PBXBuildFile; fileRef = 256B875128ED1582008A9830 /* AppDelegate.swift */; };
		256B875428ED1582008A9830 /* SceneDelegate.swift in Sources */ = {isa = PBXBuildFile; fileRef = 256B875328ED1582008A9830 /* SceneDelegate.swift */; };
		256B875628ED1582008A9830 /* ViewController.swift in Sources */ = {isa = PBXBuildFile; fileRef = 256B875528ED1582008A9830 /* ViewController.swift */; };
		256B875928ED1582008A9830 /* Main.storyboard in Resources */ = {isa = PBXBuildFile; fileRef = 256B875728ED1582008A9830 /* Main.storyboard */; };
		256B875B28ED1583008A9830 /* Assets.xcassets in Resources */ = {isa = PBXBuildFile; fileRef = 256B875A28ED1583008A9830 /* Assets.xcassets */; };
		256B875E28ED1583008A9830 /* LaunchScreen.storyboard in Resources */ = {isa = PBXBuildFile; fileRef = 256B875C28ED1583008A9830 /* LaunchScreen.storyboard */; };
		256B876628ED1D55008A9830 /* GoogleService-Info.plist in Resources */ = {isa = PBXBuildFile; fileRef = 256B876528ED1D55008A9830 /* GoogleService-Info.plist */; };
		25C6F16028F4ED2A008BD901 /* FirebaseAnalyticsWithoutAdIdSupport in Frameworks */ = {isa = PBXBuildFile; productRef = 25C6F15F28F4ED2A008BD901 /* FirebaseAnalyticsWithoutAdIdSupport */; };
		25C6F16228F4ED2A008BD901 /* FirebaseCrashlytics in Frameworks */ = {isa = PBXBuildFile; productRef = 25C6F16128F4ED2A008BD901 /* FirebaseCrashlytics */; };
		25C6F16428F4ED2A008BD901 /* FirebaseMessaging in Frameworks */ = {isa = PBXBuildFile; productRef = 25C6F16328F4ED2A008BD901 /* FirebaseMessaging */; };
/* End PBXBuildFile section */

/* Begin PBXFileReference section */
		256B874E28ED1582008A9830 /* SeSAC2FirebaseExample.app */ = {isa = PBXFileReference; explicitFileType = wrapper.application; includeInIndex = 0; path = SeSAC2FirebaseExample.app; sourceTree = BUILT_PRODUCTS_DIR; };
		256B875128ED1582008A9830 /* AppDelegate.swift */ = {isa = PBXFileReference; lastKnownFileType = sourcecode.swift; path = AppDelegate.swift; sourceTree = "<group>"; };
		256B875328ED1582008A9830 /* SceneDelegate.swift */ = {isa = PBXFileReference; lastKnownFileType = sourcecode.swift; path = SceneDelegate.swift; sourceTree = "<group>"; };
		256B875528ED1582008A9830 /* ViewController.swift */ = {isa = PBXFileReference; lastKnownFileType = sourcecode.swift; path = ViewController.swift; sourceTree = "<group>"; };
		256B875828ED1582008A9830 /* Base */ = {isa = PBXFileReference; lastKnownFileType = file.storyboard; name = Base; path = Base.lproj/Main.storyboard; sourceTree = "<group>"; };
		256B875A28ED1583008A9830 /* Assets.xcassets */ = {isa = PBXFileReference; lastKnownFileType = folder.assetcatalog; path = Assets.xcassets; sourceTree = "<group>"; };
		256B875D28ED1583008A9830 /* Base */ = {isa = PBXFileReference; lastKnownFileType = file.storyboard; name = Base; path = Base.lproj/LaunchScreen.storyboard; sourceTree = "<group>"; };
		256B875F28ED1583008A9830 /* Info.plist */ = {isa = PBXFileReference; lastKnownFileType = text.plist.xml; path = Info.plist; sourceTree = "<group>"; };
		256B876528ED1D55008A9830 /* GoogleService-Info.plist */ = {isa = PBXFileReference; fileEncoding = 4; lastKnownFileType = text.plist.xml; path = "GoogleService-Info.plist"; sourceTree = "<group>"; };
		25C6F16528F4F242008BD901 /* SeSAC2FirebaseExampleRelease.entitlements */ = {isa = PBXFileReference; lastKnownFileType = text.plist.entitlements; path = SeSAC2FirebaseExampleRelease.entitlements; sourceTree = "<group>"; };
		25C6F16628F50FBC008BD901 /* SeSAC2FirebaseExample.entitlements */ = {isa = PBXFileReference; lastKnownFileType = text.plist.entitlements; path = SeSAC2FirebaseExample.entitlements; sourceTree = "<group>"; };
/* End PBXFileReference section */

/* Begin PBXFrameworksBuildPhase section */
		256B874B28ED1582008A9830 /* Frameworks */ = {
			isa = PBXFrameworksBuildPhase;
			buildActionMask = 2147483647;
			files = (
				25C6F16428F4ED2A008BD901 /* FirebaseMessaging in Frameworks */,
				25C6F16028F4ED2A008BD901 /* FirebaseAnalyticsWithoutAdIdSupport in Frameworks */,
				25C6F16228F4ED2A008BD901 /* FirebaseCrashlytics in Frameworks */,
			);
			runOnlyForDeploymentPostprocessing = 0;
		};
/* End PBXFrameworksBuildPhase section */

/* Begin PBXGroup section */
		256B874528ED1582008A9830 = {
			isa = PBXGroup;
			children = (
				256B875028ED1582008A9830 /* SeSAC2FirebaseExample */,
				256B874F28ED1582008A9830 /* Products */,
			);
			sourceTree = "<group>";
		};
		256B874F28ED1582008A9830 /* Products */ = {
			isa = PBXGroup;
			children = (
				256B874E28ED1582008A9830 /* SeSAC2FirebaseExample.app */,
			);
			name = Products;
			sourceTree = "<group>";
		};
		256B875028ED1582008A9830 /* SeSAC2FirebaseExample */ = {
			isa = PBXGroup;
			children = (
				25C6F16628F50FBC008BD901 /* SeSAC2FirebaseExample.entitlements */,
				25C6F16528F4F242008BD901 /* SeSAC2FirebaseExampleRelease.entitlements */,
				256B875128ED1582008A9830 /* AppDelegate.swift */,
				256B875328ED1582008A9830 /* SceneDelegate.swift */,
				256B875528ED1582008A9830 /* ViewController.swift */,
				256B875728ED1582008A9830 /* Main.storyboard */,
				256B875A28ED1583008A9830 /* Assets.xcassets */,
				256B875C28ED1583008A9830 /* LaunchScreen.storyboard */,
				256B875F28ED1583008A9830 /* Info.plist */,
				256B876528ED1D55008A9830 /* GoogleService-Info.plist */,
			);
			path = SeSAC2FirebaseExample;
			sourceTree = "<group>";
		};
/* End PBXGroup section */

/* Begin PBXNativeTarget section */
		256B874D28ED1582008A9830 /* SeSAC2FirebaseExample */ = {
			isa = PBXNativeTarget;
			buildConfigurationList = 256B876228ED1583008A9830 /* Build configuration list for PBXNativeTarget "SeSAC2FirebaseExample" */;
			buildPhases = (
				256B874A28ED1582008A9830 /* Sources */,
				256B874B28ED1582008A9830 /* Frameworks */,
				256B874C28ED1582008A9830 /* Resources */,
				256B876F28ED2E58008A9830 /* ShellScript */,
			);
			buildRules = (
			);
			dependencies = (
			);
			name = SeSAC2FirebaseExample;
			packageProductDependencies = (
				25C6F15F28F4ED2A008BD901 /* FirebaseAnalyticsWithoutAdIdSupport */,
				25C6F16128F4ED2A008BD901 /* FirebaseCrashlytics */,
				25C6F16328F4ED2A008BD901 /* FirebaseMessaging */,
			);
			productName = SeSAC2FirebaseExample;
			productReference = 256B874E28ED1582008A9830 /* SeSAC2FirebaseExample.app */;
			productType = "com.apple.product-type.application";
		};
/* End PBXNativeTarget section */

/* Begin PBXProject section */
		256B874628ED1582008A9830 /* Project object */ = {
			isa = PBXProject;
			attributes = {
				BuildIndependentTargetsInParallel = 1;
				LastSwiftUpdateCheck = 1400;
				LastUpgradeCheck = 1400;
				TargetAttributes = {
					256B874D28ED1582008A9830 = {
						CreatedOnToolsVersion = 14.0.1;
					};
				};
			};
			buildConfigurationList = 256B874928ED1582008A9830 /* Build configuration list for PBXProject "SeSAC2FirebaseExample" */;
			compatibilityVersion = "Xcode 14.0";
			developmentRegion = en;
			hasScannedForEncodings = 0;
			knownRegions = (
				en,
				Base,
			);
			mainGroup = 256B874528ED1582008A9830;
			packageReferences = (
				25C6F15E28F4ED2A008BD901 /* XCRemoteSwiftPackageReference "firebase-ios-sdk" */,
			);
			productRefGroup = 256B874F28ED1582008A9830 /* Products */;
			projectDirPath = "";
			projectRoot = "";
			targets = (
				256B874D28ED1582008A9830 /* SeSAC2FirebaseExample */,
			);
		};
/* End PBXProject section */

/* Begin PBXResourcesBuildPhase section */
		256B874C28ED1582008A9830 /* Resources */ = {
			isa = PBXResourcesBuildPhase;
			buildActionMask = 2147483647;
			files = (
				256B875E28ED1583008A9830 /* LaunchScreen.storyboard in Resources */,
				256B876628ED1D55008A9830 /* GoogleService-Info.plist in Resources */,
				256B875B28ED1583008A9830 /* Assets.xcassets in Resources */,
				256B875928ED1582008A9830 /* Main.storyboard in Resources */,
			);
			runOnlyForDeploymentPostprocessing = 0;
		};
/* End PBXResourcesBuildPhase section */

/* Begin PBXShellScriptBuildPhase section */
		256B876F28ED2E58008A9830 /* ShellScript */ = {
			isa = PBXShellScriptBuildPhase;
			buildActionMask = 2147483647;
			files = (
			);
			inputFileListPaths = (
			);
			inputPaths = (
				"${DWARF_DSYM_FOLDER_PATH}/${DWARF_DSYM_FILE_NAME}/Contents/Resources/DWARF/${TARGET_NAME}",
				"$(SRCROOT)/$(BUILT_PRODUCTS_DIR)/$(INFOPLIST_PATH)",
			);
			outputFileListPaths = (
			);
			outputPaths = (
			);
			runOnlyForDeploymentPostprocessing = 0;
			shellPath = /bin/sh;
			shellScript = "# Type a script or drag a script file from your workspace to insert its path.\n\"${BUILD_DIR%/Build/*}/SourcePackages/checkouts/firebase-ios-sdk/Crashlytics/run\"\n";
		};
/* End PBXShellScriptBuildPhase section */

/* Begin PBXSourcesBuildPhase section */
		256B874A28ED1582008A9830 /* Sources */ = {
			isa = PBXSourcesBuildPhase;
			buildActionMask = 2147483647;
			files = (
				256B875628ED1582008A9830 /* ViewController.swift in Sources */,
				256B875228ED1582008A9830 /* AppDelegate.swift in Sources */,
				256B875428ED1582008A9830 /* SceneDelegate.swift in Sources */,
			);
			runOnlyForDeploymentPostprocessing = 0;
		};
/* End PBXSourcesBuildPhase section */

/* Begin PBXVariantGroup section */
		256B875728ED1582008A9830 /* Main.storyboard */ = {
			isa = PBXVariantGroup;
			children = (
				256B875828ED1582008A9830 /* Base */,
			);
			name = Main.storyboard;
			sourceTree = "<group>";
		};
		256B875C28ED1583008A9830 /* LaunchScreen.storyboard */ = {
			isa = PBXVariantGroup;
			children = (
				256B875D28ED1583008A9830 /* Base */,
			);
			name = LaunchScreen.storyboard;
			sourceTree = "<group>";
		};
/* End PBXVariantGroup section */

/* Begin XCBuildConfiguration section */
		256B876028ED1583008A9830 /* Debug */ = {
			isa = XCBuildConfiguration;
			buildSettings = {
				ALWAYS_SEARCH_USER_PATHS = NO;
				CLANG_ANALYZER_NONNULL = YES;
				CLANG_ANALYZER_NUMBER_OBJECT_CONVERSION = YES_AGGRESSIVE;
				CLANG_CXX_LANGUAGE_STANDARD = "gnu++20";
				CLANG_ENABLE_MODULES = YES;
				CLANG_ENABLE_OBJC_ARC = YES;
				CLANG_ENABLE_OBJC_WEAK = YES;
				CLANG_WARN_BLOCK_CAPTURE_AUTORELEASING = YES;
				CLANG_WARN_BOOL_CONVERSION = YES;
				CLANG_WARN_COMMA = YES;
				CLANG_WARN_CONSTANT_CONVERSION = YES;
				CLANG_WARN_DEPRECATED_OBJC_IMPLEMENTATIONS = YES;
				CLANG_WARN_DIRECT_OBJC_ISA_USAGE = YES_ERROR;
				CLANG_WARN_DOCUMENTATION_COMMENTS = YES;
				CLANG_WARN_EMPTY_BODY = YES;
				CLANG_WARN_ENUM_CONVERSION = YES;
				CLANG_WARN_INFINITE_RECURSION = YES;
				CLANG_WARN_INT_CONVERSION = YES;
				CLANG_WARN_NON_LITERAL_NULL_CONVERSION = YES;
				CLANG_WARN_OBJC_IMPLICIT_RETAIN_SELF = YES;
				CLANG_WARN_OBJC_LITERAL_CONVERSION = YES;
				CLANG_WARN_OBJC_ROOT_CLASS = YES_ERROR;
				CLANG_WARN_QUOTED_INCLUDE_IN_FRAMEWORK_HEADER = YES;
				CLANG_WARN_RANGE_LOOP_ANALYSIS = YES;
				CLANG_WARN_STRICT_PROTOTYPES = YES;
				CLANG_WARN_SUSPICIOUS_MOVE = YES;
				CLANG_WARN_UNGUARDED_AVAILABILITY = YES_AGGRESSIVE;
				CLANG_WARN_UNREACHABLE_CODE = YES;
				CLANG_WARN__DUPLICATE_METHOD_MATCH = YES;
				COPY_PHASE_STRIP = NO;
				DEBUG_INFORMATION_FORMAT = "dwarf-with-dsym";
				ENABLE_STRICT_OBJC_MSGSEND = YES;
				ENABLE_TESTABILITY = YES;
				GCC_C_LANGUAGE_STANDARD = gnu11;
				GCC_DYNAMIC_NO_PIC = NO;
				GCC_NO_COMMON_BLOCKS = YES;
				GCC_OPTIMIZATION_LEVEL = 0;
				GCC_PREPROCESSOR_DEFINITIONS = (
					"DEBUG=1",
					"$(inherited)",
				);
				GCC_WARN_64_TO_32_BIT_CONVERSION = YES;
				GCC_WARN_ABOUT_RETURN_TYPE = YES_ERROR;
				GCC_WARN_UNDECLARED_SELECTOR = YES;
				GCC_WARN_UNINITIALIZED_AUTOS = YES_AGGRESSIVE;
				GCC_WARN_UNUSED_FUNCTION = YES;
				GCC_WARN_UNUSED_VARIABLE = YES;
				IPHONEOS_DEPLOYMENT_TARGET = 16.0;
				MTL_ENABLE_DEBUG_INFO = INCLUDE_SOURCE;
				MTL_FAST_MATH = YES;
				ONLY_ACTIVE_ARCH = YES;
				SDKROOT = iphoneos;
				SWIFT_ACTIVE_COMPILATION_CONDITIONS = DEBUG;
				SWIFT_OPTIMIZATION_LEVEL = "-Onone";
			};
			name = Debug;
		};
		256B876128ED1583008A9830 /* Release */ = {
			isa = XCBuildConfiguration;
			buildSettings = {
				ALWAYS_SEARCH_USER_PATHS = NO;
				CLANG_ANALYZER_NONNULL = YES;
				CLANG_ANALYZER_NUMBER_OBJECT_CONVERSION = YES_AGGRESSIVE;
				CLANG_CXX_LANGUAGE_STANDARD = "gnu++20";
				CLANG_ENABLE_MODULES = YES;
				CLANG_ENABLE_OBJC_ARC = YES;
				CLANG_ENABLE_OBJC_WEAK = YES;
				CLANG_WARN_BLOCK_CAPTURE_AUTORELEASING = YES;
				CLANG_WARN_BOOL_CONVERSION = YES;
				CLANG_WARN_COMMA = YES;
				CLANG_WARN_CONSTANT_CONVERSION = YES;
				CLANG_WARN_DEPRECATED_OBJC_IMPLEMENTATIONS = YES;
				CLANG_WARN_DIRECT_OBJC_ISA_USAGE = YES_ERROR;
				CLANG_WARN_DOCUMENTATION_COMMENTS = YES;
				CLANG_WARN_EMPTY_BODY = YES;
				CLANG_WARN_ENUM_CONVERSION = YES;
				CLANG_WARN_INFINITE_RECURSION = YES;
				CLANG_WARN_INT_CONVERSION = YES;
				CLANG_WARN_NON_LITERAL_NULL_CONVERSION = YES;
				CLANG_WARN_OBJC_IMPLICIT_RETAIN_SELF = YES;
				CLANG_WARN_OBJC_LITERAL_CONVERSION = YES;
				CLANG_WARN_OBJC_ROOT_CLASS = YES_ERROR;
				CLANG_WARN_QUOTED_INCLUDE_IN_FRAMEWORK_HEADER = YES;
				CLANG_WARN_RANGE_LOOP_ANALYSIS = YES;
				CLANG_WARN_STRICT_PROTOTYPES = YES;
				CLANG_WARN_SUSPICIOUS_MOVE = YES;
				CLANG_WARN_UNGUARDED_AVAILABILITY = YES_AGGRESSIVE;
				CLANG_WARN_UNREACHABLE_CODE = YES;
				CLANG_WARN__DUPLICATE_METHOD_MATCH = YES;
				COPY_PHASE_STRIP = NO;
				DEBUG_INFORMATION_FORMAT = "dwarf-with-dsym";
				ENABLE_NS_ASSERTIONS = NO;
				ENABLE_STRICT_OBJC_MSGSEND = YES;
				GCC_C_LANGUAGE_STANDARD = gnu11;
				GCC_NO_COMMON_BLOCKS = YES;
				GCC_WARN_64_TO_32_BIT_CONVERSION = YES;
				GCC_WARN_ABOUT_RETURN_TYPE = YES_ERROR;
				GCC_WARN_UNDECLARED_SELECTOR = YES;
				GCC_WARN_UNINITIALIZED_AUTOS = YES_AGGRESSIVE;
				GCC_WARN_UNUSED_FUNCTION = YES;
				GCC_WARN_UNUSED_VARIABLE = YES;
				IPHONEOS_DEPLOYMENT_TARGET = 16.0;
				MTL_ENABLE_DEBUG_INFO = NO;
				MTL_FAST_MATH = YES;
				SDKROOT = iphoneos;
				SWIFT_COMPILATION_MODE = wholemodule;
				SWIFT_OPTIMIZATION_LEVEL = "-O";
				VALIDATE_PRODUCT = YES;
			};
			name = Release;
		};
		256B876328ED1583008A9830 /* Debug */ = {
			isa = XCBuildConfiguration;
			buildSettings = {
				ASSETCATALOG_COMPILER_APPICON_NAME = AppIcon;
				ASSETCATALOG_COMPILER_GLOBAL_ACCENT_COLOR_NAME = AccentColor;
				CODE_SIGN_ENTITLEMENTS = SeSAC2FirebaseExample/SeSAC2FirebaseExample.entitlements;
				CODE_SIGN_STYLE = Automatic;
				CURRENT_PROJECT_VERSION = 1;
				DEVELOPMENT_TEAM = RFHV927M8S;
				GENERATE_INFOPLIST_FILE = YES;
				INFOPLIST_FILE = SeSAC2FirebaseExample/Info.plist;
				INFOPLIST_KEY_UIApplicationSupportsIndirectInputEvents = YES;
				INFOPLIST_KEY_UILaunchStoryboardName = LaunchScreen;
				INFOPLIST_KEY_UIMainStoryboardFile = Main;
				INFOPLIST_KEY_UISupportedInterfaceOrientations = UIInterfaceOrientationPortrait;
				INFOPLIST_KEY_UISupportedInterfaceOrientations_iPad = "UIInterfaceOrientationLandscapeLeft UIInterfaceOrientationLandscapeRight UIInterfaceOrientationPortrait UIInterfaceOrientationPortraitUpsideDown";
				IPHONEOS_DEPLOYMENT_TARGET = 15.5;
				LD_RUNPATH_SEARCH_PATHS = (
					"$(inherited)",
					"@executable_path/Frameworks",
				);
				MARKETING_VERSION = 1.0;
				PRODUCT_BUNDLE_IDENTIFIER = com.jaehoon.SeSAC2FirebaseExample;
				PRODUCT_NAME = "$(TARGET_NAME)";
				SWIFT_EMIT_LOC_STRINGS = YES;
				SWIFT_VERSION = 5.0;
				TARGETED_DEVICE_FAMILY = "1,2";
			};
			name = Debug;
		};
		256B876428ED1583008A9830 /* Release */ = {
			isa = XCBuildConfiguration;
			buildSettings = {
				ASSETCATALOG_COMPILER_APPICON_NAME = AppIcon;
				ASSETCATALOG_COMPILER_GLOBAL_ACCENT_COLOR_NAME = AccentColor;
				CODE_SIGN_ENTITLEMENTS = SeSAC2FirebaseExample/SeSAC2FirebaseExampleRelease.entitlements;
				CODE_SIGN_STYLE = Automatic;
				CURRENT_PROJECT_VERSION = 1;
				DEVELOPMENT_TEAM = RFHV927M8S;
				GENERATE_INFOPLIST_FILE = YES;
				INFOPLIST_FILE = SeSAC2FirebaseExample/Info.plist;
				INFOPLIST_KEY_UIApplicationSupportsIndirectInputEvents = YES;
				INFOPLIST_KEY_UILaunchStoryboardName = LaunchScreen;
				INFOPLIST_KEY_UIMainStoryboardFile = Main;
				INFOPLIST_KEY_UISupportedInterfaceOrientations = UIInterfaceOrientationPortrait;
				INFOPLIST_KEY_UISupportedInterfaceOrientations_iPad = "UIInterfaceOrientationLandscapeLeft UIInterfaceOrientationLandscapeRight UIInterfaceOrientationPortrait UIInterfaceOrientationPortraitUpsideDown";
				IPHONEOS_DEPLOYMENT_TARGET = 15.5;
				LD_RUNPATH_SEARCH_PATHS = (
					"$(inherited)",
					"@executable_path/Frameworks",
				);
				MARKETING_VERSION = 1.0;
				PRODUCT_BUNDLE_IDENTIFIER = com.jaehoon.SeSAC2FirebaseExample;
				PRODUCT_NAME = "$(TARGET_NAME)";
				SWIFT_EMIT_LOC_STRINGS = YES;
				SWIFT_VERSION = 5.0;
				TARGETED_DEVICE_FAMILY = "1,2";
			};
			name = Release;
		};
/* End XCBuildConfiguration section */

/* Begin XCConfigurationList section */
		256B874928ED1582008A9830 /* Build configuration list for PBXProject "SeSAC2FirebaseExample" */ = {
			isa = XCConfigurationList;
			buildConfigurations = (
				256B876028ED1583008A9830 /* Debug */,
				256B876128ED1583008A9830 /* Release */,
			);
			defaultConfigurationIsVisible = 0;
			defaultConfigurationName = Release;
		};
		256B876228ED1583008A9830 /* Build configuration list for PBXNativeTarget "SeSAC2FirebaseExample" */ = {
			isa = XCConfigurationList;
			buildConfigurations = (
				256B876328ED1583008A9830 /* Debug */,
				256B876428ED1583008A9830 /* Release */,
			);
			defaultConfigurationIsVisible = 0;
			defaultConfigurationName = Release;
		};
/* End XCConfigurationList section */

/* Begin XCRemoteSwiftPackageReference section */
		25C6F15E28F4ED2A008BD901 /* XCRemoteSwiftPackageReference "firebase-ios-sdk" */ = {
			isa = XCRemoteSwiftPackageReference;
			repositoryURL = "https://github.com/firebase/firebase-ios-sdk";
			requirement = {
				kind = upToNextMajorVersion;
				minimumVersion = 9.0.0;
			};
		};
/* End XCRemoteSwiftPackageReference section */

/* Begin XCSwiftPackageProductDependency section */
		25C6F15F28F4ED2A008BD901 /* FirebaseAnalyticsWithoutAdIdSupport */ = {
			isa = XCSwiftPackageProductDependency;
			package = 25C6F15E28F4ED2A008BD901 /* XCRemoteSwiftPackageReference "firebase-ios-sdk" */;
			productName = FirebaseAnalyticsWithoutAdIdSupport;
		};
		25C6F16128F4ED2A008BD901 /* FirebaseCrashlytics */ = {
			isa = XCSwiftPackageProductDependency;
			package = 25C6F15E28F4ED2A008BD901 /* XCRemoteSwiftPackageReference "firebase-ios-sdk" */;
			productName = FirebaseCrashlytics;
		};
		25C6F16328F4ED2A008BD901 /* FirebaseMessaging */ = {
			isa = XCSwiftPackageProductDependency;
			package = 25C6F15E28F4ED2A008BD901 /* XCRemoteSwiftPackageReference "firebase-ios-sdk" */;
			productName = FirebaseMessaging;
		};
/* End XCSwiftPackageProductDependency section */
	};
	rootObject = 256B874628ED1582008A9830 /* Project object */;
}
